
Microsoft Visual Studio Solution File, Format Version 12.00
# Visual Studio Version 17
VisualStudioVersion = 17.10.35122.118
MinimumVisualStudioVersion = 10.0.40219.1
Project("{FAE04EC0-301F-11D3-BF4B-00C04F79EFBC}") = "CQRS_Test", "CQRS_Test\CQRS_Test.csproj", "{AAD9FACC-F549-4126-8D18-2776D4CE01A8}"
EndProject
Project("{FAE04EC0-301F-11D3-BF4B-00C04F79EFBC}") = "CQRS_lib", "CQRS_lib\CQRS_lib.csproj", "{004BE35C-B08F-46E2-BB70-644E945EDA00}"
EndProject
Global
	GlobalSection(SolutionConfigurationPlatforms) = preSolution
		Debug|Any CPU = Debug|Any CPU
		Release|Any CPU = Release|Any CPU
	EndGlobalSection
	GlobalSection(ProjectConfigurationPlatforms) = postSolution
		{AAD9FACC-F549-4126-8D18-2776D4CE01A8}.Debug|Any CPU.ActiveCfg = Debug|Any CPU
		{AAD9FACC-F549-4126-8D18-2776D4CE01A8}.Debug|Any CPU.Build.0 = Debug|Any CPU
		{AAD9FACC-F549-4126-8D18-2776D4CE01A8}.Release|Any CPU.ActiveCfg = Release|Any CPU
		{AAD9FACC-F549-4126-8D18-2776D4CE01A8}.Release|Any CPU.Build.0 = Release|Any CPU
		{004BE35C-B08F-46E2-BB70-644E945EDA00}.Debug|Any CPU.ActiveCfg = Debug|Any CPU
		{004BE35C-B08F-46E2-BB70-644E945EDA00}.Debug|Any CPU.Build.0 = Debug|Any CPU
		{004BE35C-B08F-46E2-BB70-644E945EDA00}.Release|Any CPU.ActiveCfg = Release|Any CPU
		{004BE35C-B08F-46E2-BB70-644E945EDA00}.Release|Any CPU.Build.0 = Release|Any CPU
	EndGlobalSection
	GlobalSection(SolutionProperties) = preSolution
		HideSolutionNode = FALSE
	EndGlobalSection
	GlobalSection(ExtensibilityGlobals) = postSolution
		SolutionGuid = {E445BCCB-3DEA-4F0E-BBF1-7681DFE57ABE}
	EndGlobalSection
EndGlobal
